lockfileVersion: "9.0"

settings:
  autoInstallPeers: true
  excludeLinksFromLockfile: false

importers:
  .:
    devDependencies:
      husky:
        specifier: ^9.1.1
        version: 9.1.1
      prettier:
        specifier: ^3.3.3
        version: 3.3.3
      typescript:
        specifier: ^5.4.5
        version: 5.4.5

packages:
  husky@9.1.1:
    resolution:
      {
        integrity: sha512-fCqlqLXcBnXa/TJXmT93/A36tJsjdJkibQ1MuIiFyCCYUlpYpIaj2mv1w+3KR6Rzu1IC3slFTje5f6DUp2A2rg==,
      }
    engines: { node: ">=18" }
    hasBin: true

  prettier@3.3.3:
    resolution:
      {
        integrity: sha512-i2tDNA0O5IrMO757lfrdQZCc2jPNDVntV0m/+4whiDfWaTKfMNgR7Qz0NAeGz/nRqF4m5/6CLzbP4/liHt12Ew==,
      }
    engines: { node: ">=14" }
    hasBin: true

  typescript@5.4.5:
    resolution:
      {
        integrity: sha512-vcI4UpRgg81oIRUFwR0WSIHKt11nJ7SAVlYNIu+QpqeyXP+gpQJy/Z4+F0aGxSE4MqwjyXvW/TzgkLAx2AGHwQ==,
      }
    engines: { node: ">=14.17" }
    hasBin: true

snapshots:
  husky@9.1.1: {}

  prettier@3.3.3: {}

  typescript@5.4.5: {}
